Microsoft Visual Studio Solution File, Format Version 12.00
# Visual Studio Version 17
VisualStudioVersion = 17.5.2.0
MinimumVisualStudioVersion = 10.0.40219.1
Project("{FAE04EC0-301F-11D3-BF4B-00C04F79EFBC}") = "RedditClone.Api", "RedditClone.Api\RedditClone.Api.csproj", "{8F70626C-7B44-28C0-A573-603AC468D855}"
EndProject
Project("{FAE04EC0-301F-11D3-BF4B-00C04F79EFBC}") = "RedditClone.web", "RedditClone.web\RedditClone.web.csproj", "{31ABB212-F055-90F1-145F-5EA900DE3C2D}"
EndProject
Global
	GlobalSection(SolutionConfigurationPlatforms) = preSolution
		Debug|Any CPU = Debug|Any CPU
		Release|Any CPU = Release|Any CPU
	EndGlobalSection
	GlobalSection(ProjectConfigurationPlatforms) = postSolution
		{8F70626C-7B44-28C0-A573-603AC468D855}.Debug|Any CPU.ActiveCfg = Debug|Any CPU
		{8F70626C-7B44-28C0-A573-603AC468D855}.Debug|Any CPU.Build.0 = Debug|Any CPU
		{8F70626C-7B44-28C0-A573-603AC468D855}.Release|Any CPU.ActiveCfg = Release|Any CPU
		{8F70626C-7B44-28C0-A573-603AC468D855}.Release|Any CPU.Build.0 = Release|Any CPU
		{31ABB212-F055-90F1-145F-5EA900DE3C2D}.Debug|Any CPU.ActiveCfg = Debug|Any CPU
		{31ABB212-F055-90F1-145F-5EA900DE3C2D}.Debug|Any CPU.Build.0 = Debug|Any CPU
		{31ABB212-F055-90F1-145F-5EA900DE3C2D}.Release|Any CPU.ActiveCfg = Release|Any CPU
		{31ABB212-F055-90F1-145F-5EA900DE3C2D}.Release|Any CPU.Build.0 = Release|Any CPU
	EndGlobalSection
	GlobalSection(SolutionProperties) = preSolution
		HideSolutionNode = FALSE
	EndGlobalSection
	GlobalSection(ExtensibilityGlobals) = postSolution
		SolutionGuid = {B4CF26C8-3EDC-4330-8819-E89544E74BB2}
	EndGlobalSection
EndGlobal
